<?xml version="1.0" encoding="UTF-8" standalone="yes" ?>
<CodeBlocks_project_file>
	<FileVersion major="1" minor="6" />
	<Project>
		<Option title="DINO_RUNNER" />
		<Option pch_mode="2" />
		<Option compiler="gcc" />
		<Build>
			<Target title="Debug">
				<Option output="bin/Debug/DINO_RUNNER" prefix_auto="1" extension_auto="1" />
				<Option object_output="obj/Debug/" />
				<Option type="1" />
				<Option compiler="gcc" />
				<Compiler>
					<Add option="-g" />
				</Compiler>
			</Target>
			<Target title="Release">
				<Option output="bin/Release/DINO_RUNNER" prefix_auto="1" extension_auto="1" />
				<Option object_output="obj/Release/" />
				<Option type="1" />
				<Option compiler="gcc" />
				<Compiler>
					<Add option="-O2" />
				</Compiler>
				<Linker>
					<Add option="-s" />
				</Linker>
			</Target>
		</Build>
		<Compiler>
			<Add option="-Wall" />
			<Add option="-fexceptions" />
		</Compiler>
		<Unit filename="bird_animation.cpp" />
		<Unit filename="bird_animation.h" />
		<Unit filename="cactus_animation.cpp" />
		<Unit filename="cactus_animation.h" />
		<Unit filename="check_touch.cpp" />
		<Unit filename="check_touch.h" />
		<Unit filename="dino_animation.cpp" />
		<Unit filename="dino_animation.h" />
		<Unit filename="graphic.cpp" />
		<Unit filename="graphic.h" />
		<Unit filename="main.cpp" />
		<Unit filename="parameters.h" />
		<Extensions>
			<lib_finder disable_auto="1" />
		</Extensions>
	</Project>
</CodeBlocks_project_file>
